// !$*UTF8*$!
{
	archiveVersion = 1;
	classes = {
	};
	objectVersion = 46;
	objects = {

/* Begin PBXBuildFile section */
		45134FFDA838FA37699AED5E /* Pods_RxTableViewDemo.framework in Frameworks */ = {isa = PBXBuildFile; fileRef = D5D15839E1E7103C1E840382 /* Pods_RxTableViewDemo.framework */; };
		C7675B391F6662A600EFFBA0 /* SingleRxTableViewController.swift in Sources */ = {isa = PBXBuildFile; fileRef = C7675B381F6662A600EFFBA0 /* SingleRxTableViewController.swift */; };
		C774BD0F1F6796440029EE20 /* MultipleRxTableViewController.swift in Sources */ = {isa = PBXBuildFile; fileRef = C774BD0E1F6796440029EE20 /* MultipleRxTableViewController.swift */; };
		C7AFAC4E1F6627AD003CE540 /* AppDelegate.swift in Sources */ = {isa = PBXBuildFile; fileRef = C7AFAC4D1F6627AD003CE540 /* AppDelegate.swift */; };
		C7AFAC551F6627AD003CE540 /* Assets.xcassets in Resources */ = {isa = PBXBuildFile; fileRef = C7AFAC541F6627AD003CE540 /* Assets.xcassets */; };
		C7AFAC581F6627AD003CE540 /* LaunchScreen.storyboard in Resources */ = {isa = PBXBuildFile; fileRef = C7AFAC561F6627AD003CE540 /* LaunchScreen.storyboard */; };
		C7AFAC611F6629B1003CE540 /* MainTableViewController.swift in Sources */ = {isa = PBXBuildFile; fileRef = C7AFAC601F6629B1003CE540 /* MainTableViewController.swift */; };
		C7C3F667208F0A4F00030547 /* SectionModel.swift in Sources */ = {isa = PBXBuildFile; fileRef = C7C3F666208F0A4F00030547 /* SectionModel.swift */; };
/* End PBXBuildFile section */

/* Begin PBXFileReference section */
		098F4C822062B8F24069240C /* Pods-RxTableViewDemo.release.xcconfig */ = {isa = PBXFileReference; includeInIndex = 1; lastKnownFileType = text.xcconfig; name = "Pods-RxTableViewDemo.release.xcconfig"; path = "Pods/Target Support Files/Pods-RxTableViewDemo/Pods-RxTableViewDemo.release.xcconfig"; sourceTree = "<group>"; };
		824CE96A0C5AFF417988ECCC /* Pods-RxTableViewDemo.debug.xcconfig */ = {isa = PBXFileReference; includeInIndex = 1; lastKnownFileType = text.xcconfig; name = "Pods-RxTableViewDemo.debug.xcconfig"; path = "Pods/Target Support Files/Pods-RxTableViewDemo/Pods-RxTableViewDemo.debug.xcconfig"; sourceTree = "<group>"; };
		C7675B381F6662A600EFFBA0 /* SingleRxTableViewController.swift */ = {isa = PBXFileReference; fileEncoding = 4; lastKnownFileType = sourcecode.swift; path = SingleRxTableViewController.swift; sourceTree = "<group>"; };
		C774BD0E1F6796440029EE20 /* MultipleRxTableViewController.swift */ = {isa = PBXFileReference; fileEncoding = 4; lastKnownFileType = sourcecode.swift; path = MultipleRxTableViewController.swift; sourceTree = "<group>"; };
		C7AFAC4A1F6627AD003CE540 /* RxTableViewDemo.app */ = {isa = PBXFileReference; explicitFileType = wrapper.application; includeInIndex = 0; path = RxTableViewDemo.app; sourceTree = BUILT_PRODUCTS_DIR; };
		C7AFAC4D1F6627AD003CE540 /* AppDelegate.swift */ = {isa = PBXFileReference; lastKnownFileType = sourcecode.swift; path = AppDelegate.swift; sourceTree = "<group>"; };
		C7AFAC541F6627AD003CE540 /* Assets.xcassets */ = {isa = PBXFileReference; lastKnownFileType = folder.assetcatalog; path = Assets.xcassets; sourceTree = "<group>"; };
		C7AFAC571F6627AD003CE540 /* Base */ = {isa = PBXFileReference; lastKnownFileType = file.storyboard; name = Base; path = Base.lproj/LaunchScreen.storyboard; sourceTree = "<group>"; };
		C7AFAC591F6627AD003CE540 /* Info.plist */ = {isa = PBXFileReference; lastKnownFileType = text.plist.xml; path = Info.plist; sourceTree = "<group>"; };
		C7AFAC601F6629B1003CE540 /* MainTableViewController.swift */ = {isa = PBXFileReference; fileEncoding = 4; lastKnownFileType = sourcecode.swift; path = MainTableViewController.swift; sourceTree = "<group>"; };
		C7C3F666208F0A4F00030547 /* SectionModel.swift */ = {isa = PBXFileReference; lastKnownFileType = sourcecode.swift; path = SectionModel.swift; sourceTree = "<group>"; };
		D5D15839E1E7103C1E840382 /* Pods_RxTableViewDemo.framework */ = {isa = PBXFileReference; explicitFileType = wrapper.framework; includeInIndex = 0; path = Pods_RxTableViewDemo.framework; sourceTree = BUILT_PRODUCTS_DIR; };
/* End PBXFileReference section */

/* Begin PBXFrameworksBuildPhase section */
		C7AFAC471F6627AD003CE540 /* Frameworks */ = {
			isa = PBXFrameworksBuildPhase;
			buildActionMask = 2147483647;
			files = (
				45134FFDA838FA37699AED5E /* Pods_RxTableViewDemo.framework in Frameworks */,
			);
			runOnlyForDeploymentPostprocessing = 0;
		};
/* End PBXFrameworksBuildPhase section */

/* Begin PBXGroup section */
		A753805B148668209A259859 /* Frameworks */ = {
			isa = PBXGroup;
			children = (
				D5D15839E1E7103C1E840382 /* Pods_RxTableViewDemo.framework */,
			);
			name = Frameworks;
			sourceTree = "<group>";
		};
		C7AFAC411F6627AD003CE540 = {
			isa = PBXGroup;
			children = (
				C7AFAC4C1F6627AD003CE540 /* RxTableViewDemo */,
				C7AFAC4B1F6627AD003CE540 /* Products */,
				D04E9708F321D4C1A78B56AD /* Pods */,
				A753805B148668209A259859 /* Frameworks */,
			);
			sourceTree = "<group>";
		};
		C7AFAC4B1F6627AD003CE540 /* Products */ = {
			isa = PBXGroup;
			children = (
				C7AFAC4A1F6627AD003CE540 /* RxTableViewDemo.app */,
			);
			name = Products;
			sourceTree = "<group>";
		};
		C7AFAC4C1F6627AD003CE540 /* RxTableViewDemo */ = {
			isa = PBXGroup;
			children = (
				C7AFAC5F1F66297F003CE540 /* Supporting Files */,
				C7AFAC601F6629B1003CE540 /* MainTableViewController.swift */,
				C7675B381F6662A600EFFBA0 /* SingleRxTableViewController.swift */,
				C774BD0E1F6796440029EE20 /* MultipleRxTableViewController.swift */,
				C7C3F666208F0A4F00030547 /* SectionModel.swift */,
			);
			path = RxTableViewDemo;
			sourceTree = "<group>";
		};
		C7AFAC5F1F66297F003CE540 /* Supporting Files */ = {
			isa = PBXGroup;
			children = (
				C7AFAC4D1F6627AD003CE540 /* AppDelegate.swift */,
				C7AFAC541F6627AD003CE540 /* Assets.xcassets */,
				C7AFAC561F6627AD003CE540 /* LaunchScreen.storyboard */,
				C7AFAC591F6627AD003CE540 /* Info.plist */,
			);
			name = "Supporting Files";
			sourceTree = "<group>";
		};
		D04E9708F321D4C1A78B56AD /* Pods */ = {
			isa = PBXGroup;
			children = (
				824CE96A0C5AFF417988ECCC /* Pods-RxTableViewDemo.debug.xcconfig */,
				098F4C822062B8F24069240C /* Pods-RxTableViewDemo.release.xcconfig */,
			);
			name = Pods;
			sourceTree = "<group>";
		};
/* End PBXGroup section */

/* Begin PBXNativeTarget section */
		C7AFAC491F6627AD003CE540 /* RxTableViewDemo */ = {
			isa = PBXNativeTarget;
			buildConfigurationList = C7AFAC5C1F6627AD003CE540 /* Build configuration list for PBXNativeTarget "RxTableViewDemo" */;
			buildPhases = (
				5D86FD377CA4951DCE33A169 /* [CP] Check Pods Manifest.lock */,
				C7AFAC461F6627AD003CE540 /* Sources */,
				C7AFAC471F6627AD003CE540 /* Frameworks */,
				C7AFAC481F6627AD003CE540 /* Resources */,
				040D668D7F69A862EB4D016D /* [CP] Embed Pods Frameworks */,
				BF529B9D979CE7AD1142E76B /* [CP] Copy Pods Resources */,
			);
			buildRules = (
			);
			dependencies = (
			);
			name = RxTableViewDemo;
			productName = RxTableViewDemo;
			productReference = C7AFAC4A1F6627AD003CE540 /* RxTableViewDemo.app */;
			productType = "com.apple.product-type.application";
		};
/* End PBXNativeTarget section */

/* Begin PBXProject section */
		C7AFAC421F6627AD003CE540 /* Project object */ = {
			isa = PBXProject;
			attributes = {
				LastSwiftUpdateCheck = 0830;
				LastUpgradeCheck = 0830;
				ORGANIZATIONNAME = Mr.JJ;
				TargetAttributes = {
					C7AFAC491F6627AD003CE540 = {
						CreatedOnToolsVersion = 8.3.2;
						DevelopmentTeam = RAT87H825N;
						ProvisioningStyle = Automatic;
					};
				};
			};
			buildConfigurationList = C7AFAC451F6627AD003CE540 /* Build configuration list for PBXProject "RxTableViewDemo" */;
			compatibilityVersion = "Xcode 3.2";
			developmentRegion = English;
			hasScannedForEncodings = 0;
			knownRegions = (
				en,
				Base,
			);
			mainGroup = C7AFAC411F6627AD003CE540;
			productRefGroup = C7AFAC4B1F6627AD003CE540 /* Products */;
			projectDirPath = "";
			projectRoot = "";
			targets = (
				C7AFAC491F6627AD003CE540 /* RxTableViewDemo */,
			);
		};
/* End PBXProject section */

/* Begin PBXResourcesBuildPhase section */
		C7AFAC481F6627AD003CE540 /* Resources */ = {
			isa = PBXResourcesBuildPhase;
			buildActionMask = 2147483647;
			files = (
				C7AFAC581F6627AD003CE540 /* LaunchScreen.storyboard in Resources */,
				C7AFAC551F6627AD003CE540 /* Assets.xcassets in Resources */,
			);
			runOnlyForDeploymentPostprocessing = 0;
		};
/* End PBXResourcesBuildPhase section */

/* Begin PBXShellScriptBuildPhase section */
		040D668D7F69A862EB4D016D /* [CP] Embed Pods Frameworks */ = {
			isa = PBXShellScriptBuildPhase;
			buildActionMask = 2147483647;
			files = (
			);
			inputPaths = (
				"${SRCROOT}/Pods/Target Support Files/Pods-RxTableViewDemo/Pods-RxTableViewDemo-frameworks.sh",
				"${BUILT_PRODUCTS_DIR}/RxCocoa/RxCocoa.framework",
				"${BUILT_PRODUCTS_DIR}/RxDataSources/RxDataSources.framework",
				"${BUILT_PRODUCTS_DIR}/RxSwift/RxSwift.framework",
			);
			name = "[CP] Embed Pods Frameworks";
			outputPaths = (
				"${TARGET_BUILD_DIR}/${FRAMEWORKS_FOLDER_PATH}/RxCocoa.framework",
				"${TARGET_BUILD_DIR}/${FRAMEWORKS_FOLDER_PATH}/RxDataSources.framework",
				"${TARGET_BUILD_DIR}/${FRAMEWORKS_FOLDER_PATH}/RxSwift.framework",
			);
			runOnlyForDeploymentPostprocessing = 0;
			shellPath = /bin/sh;
			shellScript = "\"${SRCROOT}/Pods/Target Support Files/Pods-RxTableViewDemo/Pods-RxTableViewDemo-frameworks.sh\"\n";
			showEnvVarsInLog = 0;
		};
		5D86FD377CA4951DCE33A169 /* [CP] Check Pods Manifest.lock */ = {
			isa = PBXShellScriptBuildPhase;
			buildActionMask = 2147483647;
			files = (
			);
			inputPaths = (
				"${PODS_PODFILE_DIR_PATH}/Podfile.lock",
				"${PODS_ROOT}/Manifest.lock",
			);
			name = "[CP] Check Pods Manifest.lock";
			outputPaths = (
				"$(DERIVED_FILE_DIR)/Pods-RxTableViewDemo-checkManifestLockResult.txt",
			);
			runOnlyForDeploymentPostprocessing = 0;
			shellPath = /bin/sh;
			shellScript = "diff \"${PODS_PODFILE_DIR_PATH}/Podfile.lock\" \"${PODS_ROOT}/Manifest.lock\" > /dev/null\nif [ $? != 0 ] ; then\n    # print error to STDERR\n    echo \"error: The sandbox is not in sync with the Podfile.lock. Run 'pod install' or update your CocoaPods installation.\" >&2\n    exit 1\nfi\n# This output is used by Xcode 'outputs' to avoid re-running this script phase.\necho \"SUCCESS\" > \"${SCRIPT_OUTPUT_FILE_0}\"\n";
			showEnvVarsInLog = 0;
		};
		BF529B9D979CE7AD1142E76B /* [CP] Copy Pods Resources */ = {
			isa = PBXShellScriptBuildPhase;
			buildActionMask = 2147483647;
			files = (
			);
			inputPaths = (
			);
			name = "[CP] Copy Pods Resources";
			outputPaths = (
			);
			runOnlyForDeploymentPostprocessing = 0;
			shellPath = /bin/sh;
			shellScript = "\"${SRCROOT}/Pods/Target Support Files/Pods-RxTableViewDemo/Pods-RxTableViewDemo-resources.sh\"\n";
			showEnvVarsInLog = 0;
		};
/* End PBXShellScriptBuildPhase section */

/* Begin PBXSourcesBuildPhase section */
		C7AFAC461F6627AD003CE540 /* Sources */ = {
			isa = PBXSourcesBuildPhase;
			buildActionMask = 2147483647;
			files = (
				C774BD0F1F6796440029EE20 /* MultipleRxTableViewController.swift in Sources */,
				C7675B391F6662A600EFFBA0 /* SingleRxTableViewController.swift in Sources */,
				C7AFAC611F6629B1003CE540 /* MainTableViewController.swift in Sources */,
				C7C3F667208F0A4F00030547 /* SectionModel.swift in Sources */,
				C7AFAC4E1F6627AD003CE540 /* AppDelegate.swift in Sources */,
			);
			runOnlyForDeploymentPostprocessing = 0;
		};
/* End PBXSourcesBuildPhase section */

/* Begin PBXVariantGroup section */
		C7AFAC561F6627AD003CE540 /* LaunchScreen.storyboard */ = {
			isa = PBXVariantGroup;
			children = (
				C7AFAC571F6627AD003CE540 /* Base */,
			);
			name = LaunchScreen.storyboard;
			sourceTree = "<group>";
		};
/* End PBXVariantGroup section */

/* Begin XCBuildConfiguration section */
		C7AFAC5A1F6627AD003CE540 /* Debug */ = {
			isa = XCBuildConfiguration;
			buildSettings = {
				ALWAYS_SEARCH_USER_PATHS = NO;
				CLANG_ANALYZER_NONNULL = YES;
				CLANG_ANALYZER_NUMBER_OBJECT_CONVERSION = YES_AGGRESSIVE;
				CLANG_CXX_LANGUAGE_STANDARD = "gnu++0x";
				CLANG_CXX_LIBRARY = "libc++";
				CLANG_ENABLE_MODULES = YES;
				CLANG_ENABLE_OBJC_ARC = YES;
				CLANG_WARN_BOOL_CONVERSION = YES;
				CLANG_WARN_CONSTANT_CONVERSION = YES;
				CLANG_WARN_DIRECT_OBJC_ISA_USAGE = YES_ERROR;
				CLANG_WARN_DOCUMENTATION_COMMENTS = YES;
				CLANG_WARN_EMPTY_BODY = YES;
				CLANG_WARN_ENUM_CONVERSION = YES;
				CLANG_WARN_INFINITE_RECURSION = YES;
				CLANG_WARN_INT_CONVERSION = YES;
				CLANG_WARN_OBJC_ROOT_CLASS = YES_ERROR;
				CLANG_WARN_SUSPICIOUS_MOVE = YES;
				CLANG_WARN_UNREACHABLE_CODE = YES;
				CLANG_WARN__DUPLICATE_METHOD_MATCH = YES;
				"CODE_SIGN_IDENTITY[sdk=iphoneos*]" = "iPhone Developer";
				COPY_PHASE_STRIP = NO;
				DEBUG_INFORMATION_FORMAT = dwarf;
				ENABLE_STRICT_OBJC_MSGSEND = YES;
				ENABLE_TESTABILITY = YES;
				GCC_C_LANGUAGE_STANDARD = gnu99;
				GCC_DYNAMIC_NO_PIC = NO;
				GCC_NO_COMMON_BLOCKS = YES;
				GCC_OPTIMIZATION_LEVEL = 0;
				GCC_PREPROCESSOR_DEFINITIONS = (
					"DEBUG=1",
					"$(inherited)",
				);
				GCC_WARN_64_TO_32_BIT_CONVERSION = YES;
				GCC_WARN_ABOUT_RETURN_TYPE = YES_ERROR;
				GCC_WARN_UNDECLARED_SELECTOR = YES;
				GCC_WARN_UNINITIALIZED_AUTOS = YES_AGGRESSIVE;
				GCC_WARN_UNUSED_FUNCTION = YES;
				GCC_WARN_UNUSED_VARIABLE = YES;
				IPHONEOS_DEPLOYMENT_TARGET = 10.3;
				MTL_ENABLE_DEBUG_INFO = YES;
				ONLY_ACTIVE_ARCH = YES;
				SDKROOT = iphoneos;
				SWIFT_ACTIVE_COMPILATION_CONDITIONS = DEBUG;
				SWIFT_OPTIMIZATION_LEVEL = "-Onone";
			};
			name = Debug;
		};
		C7AFAC5B1F6627AD003CE540 /* Release */ = {
			isa = XCBuildConfiguration;
			buildSettings = {
				ALWAYS_SEARCH_USER_PATHS = NO;
				CLANG_ANALYZER_NONNULL = YES;
				CLANG_ANALYZER_NUMBER_OBJECT_CONVERSION = YES_AGGRESSIVE;
				CLANG_CXX_LANGUAGE_STANDARD = "gnu++0x";
				CLANG_CXX_LIBRARY = "libc++";
				CLANG_ENABLE_MODULES = YES;
				CLANG_ENABLE_OBJC_ARC = YES;
				CLANG_WARN_BOOL_CONVERSION = YES;
				CLANG_WARN_CONSTANT_CONVERSION = YES;
				CLANG_WARN_DIRECT_OBJC_ISA_USAGE = YES_ERROR;
				CLANG_WARN_DOCUMENTATION_COMMENTS = YES;
				CLANG_WARN_EMPTY_BODY = YES;
				CLANG_WARN_ENUM_CONVERSION = YES;
				CLANG_WARN_INFINITE_RECURSION = YES;
				CLANG_WARN_INT_CONVERSION = YES;
				CLANG_WARN_OBJC_ROOT_CLASS = YES_ERROR;
				CLANG_WARN_SUSPICIOUS_MOVE = YES;
				CLANG_WARN_UNREACHABLE_CODE = YES;
				CLANG_WARN__DUPLICATE_METHOD_MATCH = YES;
				"CODE_SIGN_IDENTITY[sdk=iphoneos*]" = "iPhone Developer";
				COPY_PHASE_STRIP = NO;
				DEBUG_INFORMATION_FORMAT = "dwarf-with-dsym";
				ENABLE_NS_ASSERTIONS = NO;
				ENABLE_STRICT_OBJC_MSGSEND = YES;
				GCC_C_LANGUAGE_STANDARD = gnu99;
				GCC_NO_COMMON_BLOCKS = YES;
				GCC_WARN_64_TO_32_BIT_CONVERSION = YES;
				GCC_WARN_ABOUT_RETURN_TYPE = YES_ERROR;
				GCC_WARN_UNDECLARED_SELECTOR = YES;
				GCC_WARN_UNINITIALIZED_AUTOS = YES_AGGRESSIVE;
				GCC_WARN_UNUSED_FUNCTION = YES;
				GCC_WARN_UNUSED_VARIABLE = YES;
				IPHONEOS_DEPLOYMENT_TARGET = 10.3;
				MTL_ENABLE_DEBUG_INFO = NO;
				SDKROOT = iphoneos;
				SWIFT_OPTIMIZATION_LEVEL = "-Owholemodule";
				VALIDATE_PRODUCT = YES;
			};
			name = Release;
		};
		C7AFAC5D1F6627AD003CE540 /* Debug */ = {
			isa = XCBuildConfiguration;
			baseConfigurationReference = 824CE96A0C5AFF417988ECCC /* Pods-RxTableViewDemo.debug.xcconfig */;
			buildSettings = {
				ASSETCATALOG_COMPILER_APPICON_NAME = AppIcon;
				DEVELOPMENT_TEAM = RAT87H825N;
				INFOPLIST_FILE = RxTableViewDemo/Info.plist;
				LD_RUNPATH_SEARCH_PATHS = "$(inherited) @executable_path/Frameworks";
				PRODUCT_BUNDLE_IDENTIFIER = com.jj.RxTableViewDemo;
				PRODUCT_NAME = "$(TARGET_NAME)";
				SWIFT_VERSION = 3.0;
			};
			name = Debug;
		};
		C7AFAC5E1F6627AD003CE540 /* Release */ = {
			isa = XCBuildConfiguration;
			baseConfigurationReference = 098F4C822062B8F24069240C /* Pods-RxTableViewDemo.release.xcconfig */;
			buildSettings = {
				ASSETCATALOG_COMPILER_APPICON_NAME = AppIcon;
				DEVELOPMENT_TEAM = RAT87H825N;
				INFOPLIST_FILE = RxTableViewDemo/Info.plist;
				LD_RUNPATH_SEARCH_PATHS = "$(inherited) @executable_path/Frameworks";
				PRODUCT_BUNDLE_IDENTIFIER = com.jj.RxTableViewDemo;
				PRODUCT_NAME = "$(TARGET_NAME)";
				SWIFT_VERSION = 3.0;
			};
			name = Release;
		};
/* End XCBuildConfiguration section */

/* Begin XCConfigurationList section */
		C7AFAC451F6627AD003CE540 /* Build configuration list for PBXProject "RxTableViewDemo" */ = {
			isa = XCConfigurationList;
			buildConfigurations = (
				C7AFAC5A1F6627AD003CE540 /* Debug */,
				C7AFAC5B1F6627AD003CE540 /* Release */,
			);
			defaultConfigurationIsVisible = 0;
			defaultConfigurationName = Release;
		};
		C7AFAC5C1F6627AD003CE540 /* Build configuration list for PBXNativeTarget "RxTableViewDemo" */ = {
			isa = XCConfigurationList;
			buildConfigurations = (
				C7AFAC5D1F6627AD003CE540 /* Debug */,
				C7AFAC5E1F6627AD003CE540 /* Release */,
			);
			defaultConfigurationIsVisible = 0;
			defaultConfigurationName = Release;
		};
/* End XCConfigurationList section */
	};
	rootObject = C7AFAC421F6627AD003CE540 /* Project object */;
}
